
Microsoft Visual Studio Solution File, Format Version 12.00
# Visual Studio 2017
Project("{FAE04EC0-301F-11D3-BF4B-00C04F79EFBC}") = "object-pooling-prefab-tutorial", "object-pooling-prefab-tutorial.csproj", "{A86F7192-79C8-4455-486E-55B1B9B5653C}"
EndProject
Global
	GlobalSection(SolutionConfigurationPlatforms) = preSolution
		Debug|Any CPU = Debug|Any CPU
		Release|Any CPU = Release|Any CPU
	EndGlobalSection
	GlobalSection(ProjectConfigurationPlatforms) = postSolution
		{A86F7192-79C8-4455-486E-55B1B9B5653C}.Debug|Any CPU.ActiveCfg = Debug|Any CPU
		{A86F7192-79C8-4455-486E-55B1B9B5653C}.Debug|Any CPU.Build.0 = Debug|Any CPU
		{A86F7192-79C8-4455-486E-55B1B9B5653C}.Release|Any CPU.ActiveCfg = Release|Any CPU
		{A86F7192-79C8-4455-486E-55B1B9B5653C}.Release|Any CPU.Build.0 = Release|Any CPU
	EndGlobalSection
	GlobalSection(SolutionProperties) = preSolution
		HideSolutionNode = FALSE
	EndGlobalSection
EndGlobal
